
Microsoft Visual Studio Solution File, Format Version 12.00
Project("{FAE04EC0-301F-11D3-BF4B-00C04F79EFBC}") = "LeetCodeTraining", "LeetCodeTraining\LeetCodeTraining.csproj", "{707B4A69-1E5F-48B6-959C-94DC19547D78}"
EndProject
Project("{FAE04EC0-301F-11D3-BF4B-00C04F79EFBC}") = "LeetCodeTrainingTest", "LeetCodeTrainingTest\LeetCodeTrainingTest.csproj", "{2B56C5A2-AB01-4EFA-861F-9C4A73B91DE5}"
EndProject
Global
	GlobalSection(SolutionConfigurationPlatforms) = preSolution
		Debug|Any CPU = Debug|Any CPU
		Release|Any CPU = Release|Any CPU
	EndGlobalSection
	GlobalSection(ProjectConfigurationPlatforms) = postSolution
		{707B4A69-1E5F-48B6-959C-94DC19547D78}.Debug|Any CPU.ActiveCfg = Debug|Any CPU
		{707B4A69-1E5F-48B6-959C-94DC19547D78}.Debug|Any CPU.Build.0 = Debug|Any CPU
		{707B4A69-1E5F-48B6-959C-94DC19547D78}.Release|Any CPU.ActiveCfg = Release|Any CPU
		{707B4A69-1E5F-48B6-959C-94DC19547D78}.Release|Any CPU.Build.0 = Release|Any CPU
		{2B56C5A2-AB01-4EFA-861F-9C4A73B91DE5}.Debug|Any CPU.ActiveCfg = Debug|Any CPU
		{2B56C5A2-AB01-4EFA-861F-9C4A73B91DE5}.Debug|Any CPU.Build.0 = Debug|Any CPU
		{2B56C5A2-AB01-4EFA-861F-9C4A73B91DE5}.Release|Any CPU.ActiveCfg = Release|Any CPU
		{2B56C5A2-AB01-4EFA-861F-9C4A73B91DE5}.Release|Any CPU.Build.0 = Release|Any CPU
	EndGlobalSection
EndGlobal
